
Microsoft Visual Studio Solution File, Format Version 12.00
# Visual Studio Version 16
VisualStudioVersion = 16.0.29613.14
MinimumVisualStudioVersion = 10.0.40219.1
Project("{FAE04EC0-301F-11D3-BF4B-00C04F79EFBC}") = "ArkTest", "ArkTest\ArkTest.csproj", "{1CA38248-5429-4A90-BDFC-6FDC82FF90A0}"
EndProject
Global
	GlobalSection(SolutionConfigurationPlatforms) = preSolution
		Debug|Any CPU = Debug|Any CPU
		Release|Any CPU = Release|Any CPU
	EndGlobalSection
	GlobalSection(ProjectConfigurationPlatforms) = postSolution
		{1CA38248-5429-4A90-BDFC-6FDC82FF90A0}.Debug|Any CPU.ActiveCfg = Debug|Any CPU
		{1CA38248-5429-4A90-BDFC-6FDC82FF90A0}.Debug|Any CPU.Build.0 = Debug|Any CPU
		{1CA38248-5429-4A90-BDFC-6FDC82FF90A0}.Release|Any CPU.ActiveCfg = Release|Any CPU
		{1CA38248-5429-4A90-BDFC-6FDC82FF90A0}.Release|Any CPU.Build.0 = Release|Any CPU
	EndGlobalSection
	GlobalSection(SolutionProperties) = preSolution
		HideSolutionNode = FALSE
	EndGlobalSection
	GlobalSection(ExtensibilityGlobals) = postSolution
		SolutionGuid = {E09BFAC1-3427-4E23-9340-DB4DFB867569}
	EndGlobalSection
EndGlobal
